
Microsoft Visual Studio Solution File, Format Version 12.00
# Visual Studio 2013
VisualStudioVersion = 12.0.31101.0
MinimumVisualStudioVersion = 10.0.40219.1
Project("{F2A71F9B-5D33-465A-A702-920D77279786}") = "NotificationAPI", "NotificationAPI\NotificationAPI.fsproj", "{4083B696-453B-47DE-BA14-ED6121E69371}"
EndProject
Project("{F2A71F9B-5D33-465A-A702-920D77279786}") = "NotificationLibrary", "NotificationLibrary\NotificationLibrary.fsproj", "{FAACEED2-BAB2-4819-8C40-B8FA16D8B6C9}"
EndProject
Global
	GlobalSection(SolutionConfigurationPlatforms) = preSolution
		Debug|Any CPU = Debug|Any CPU
		Release|Any CPU = Release|Any CPU
	EndGlobalSection
	GlobalSection(ProjectConfigurationPlatforms) = postSolution
		{4083B696-453B-47DE-BA14-ED6121E69371}.Debug|Any CPU.ActiveCfg = Debug|Any CPU
		{4083B696-453B-47DE-BA14-ED6121E69371}.Debug|Any CPU.Build.0 = Debug|Any CPU
		{4083B696-453B-47DE-BA14-ED6121E69371}.Release|Any CPU.ActiveCfg = Release|Any CPU
		{4083B696-453B-47DE-BA14-ED6121E69371}.Release|Any CPU.Build.0 = Release|Any CPU
		{FAACEED2-BAB2-4819-8C40-B8FA16D8B6C9}.Debug|Any CPU.ActiveCfg = Debug|Any CPU
		{FAACEED2-BAB2-4819-8C40-B8FA16D8B6C9}.Debug|Any CPU.Build.0 = Debug|Any CPU
		{FAACEED2-BAB2-4819-8C40-B8FA16D8B6C9}.Release|Any CPU.ActiveCfg = Release|Any CPU
		{FAACEED2-BAB2-4819-8C40-B8FA16D8B6C9}.Release|Any CPU.Build.0 = Release|Any CPU
	EndGlobalSection
	GlobalSection(SolutionProperties) = preSolution
		HideSolutionNode = FALSE
	EndGlobalSection
EndGlobal
